
Microsoft Visual Studio Solution File, Format Version 12.00
# Visual Studio 15
VisualStudioVersion = 15.0.26430.6
MinimumVisualStudioVersion = 10.0.40219.1
Project("{FAE04EC0-301F-11D3-BF4B-00C04F79EFBC}") = "LojaVirtual.Dominio", "LojaVirtual.Dominio\LojaVirtual.Dominio.csproj", "{AC8CD058-90A2-47D3-A788-8A99B9C9E508}"
EndProject
Project("{FAE04EC0-301F-11D3-BF4B-00C04F79EFBC}") = "LojaVirtual.Web", "LojaVirtual.Web\LojaVirtual.Web.csproj", "{F4221B12-6AB1-47EB-9097-74A6E38C0E0F}"
EndProject
Project("{FAE04EC0-301F-11D3-BF4B-00C04F79EFBC}") = "LojaVirtual.UnitTest", "LojaVirtual.UnitTest\LojaVirtual.UnitTest.csproj", "{C7F59A51-A46A-45F8-82AD-E86B4E30B452}"
EndProject
Project("{FAE04EC0-301F-11D3-BF4B-00C04F79EFBC}") = "LojaVirtual.Web.V2", "LojaVirtual.Web.V2\LojaVirtual.Web.V2.csproj", "{1A8B2066-0410-4701-B361-4CF9B18E35C9}"
EndProject
Global
	GlobalSection(SolutionConfigurationPlatforms) = preSolution
		Debug|Any CPU = Debug|Any CPU
		Release|Any CPU = Release|Any CPU
	EndGlobalSection
	GlobalSection(ProjectConfigurationPlatforms) = postSolution
		{AC8CD058-90A2-47D3-A788-8A99B9C9E508}.Debug|Any CPU.ActiveCfg = Debug|Any CPU
		{AC8CD058-90A2-47D3-A788-8A99B9C9E508}.Debug|Any CPU.Build.0 = Debug|Any CPU
		{AC8CD058-90A2-47D3-A788-8A99B9C9E508}.Release|Any CPU.ActiveCfg = Release|Any CPU
		{AC8CD058-90A2-47D3-A788-8A99B9C9E508}.Release|Any CPU.Build.0 = Release|Any CPU
		{F4221B12-6AB1-47EB-9097-74A6E38C0E0F}.Debug|Any CPU.ActiveCfg = Debug|Any CPU
		{F4221B12-6AB1-47EB-9097-74A6E38C0E0F}.Debug|Any CPU.Build.0 = Debug|Any CPU
		{F4221B12-6AB1-47EB-9097-74A6E38C0E0F}.Release|Any CPU.ActiveCfg = Release|Any CPU
		{F4221B12-6AB1-47EB-9097-74A6E38C0E0F}.Release|Any CPU.Build.0 = Release|Any CPU
		{C7F59A51-A46A-45F8-82AD-E86B4E30B452}.Debug|Any CPU.ActiveCfg = Debug|Any CPU
		{C7F59A51-A46A-45F8-82AD-E86B4E30B452}.Debug|Any CPU.Build.0 = Debug|Any CPU
		{C7F59A51-A46A-45F8-82AD-E86B4E30B452}.Release|Any CPU.ActiveCfg = Release|Any CPU
		{C7F59A51-A46A-45F8-82AD-E86B4E30B452}.Release|Any CPU.Build.0 = Release|Any CPU
		{1A8B2066-0410-4701-B361-4CF9B18E35C9}.Debug|Any CPU.ActiveCfg = Debug|Any CPU
		{1A8B2066-0410-4701-B361-4CF9B18E35C9}.Debug|Any CPU.Build.0 = Debug|Any CPU
		{1A8B2066-0410-4701-B361-4CF9B18E35C9}.Release|Any CPU.ActiveCfg = Release|Any CPU
		{1A8B2066-0410-4701-B361-4CF9B18E35C9}.Release|Any CPU.Build.0 = Release|Any CPU
	EndGlobalSection
	GlobalSection(SolutionProperties) = preSolution
		HideSolutionNode = FALSE
	EndGlobalSection
EndGlobal
